
Microsoft Visual Studio Solution File, Format Version 12.00
# Visual Studio Version 17
VisualStudioVersion = 17.7.34031.279
MinimumVisualStudioVersion = 10.0.40219.1
Project("{9A19103F-16F7-4668-BE54-9A1E7A4F7556}") = "YetgenAkbankJump.Domain", "YetgenAkbankJump.Domain.csproj", "{9E19B370-5A38-49B6-AE2D-37E25F57A645}"
EndProject
Global
	GlobalSection(SolutionConfigurationPlatforms) = preSolution
		Debug|Any CPU = Debug|Any CPU
		Release|Any CPU = Release|Any CPU
	EndGlobalSection
	GlobalSection(ProjectConfigurationPlatforms) = postSolution
		{9E19B370-5A38-49B6-AE2D-37E25F57A645}.Debug|Any CPU.ActiveCfg = Debug|Any CPU
		{9E19B370-5A38-49B6-AE2D-37E25F57A645}.Debug|Any CPU.Build.0 = Debug|Any CPU
		{9E19B370-5A38-49B6-AE2D-37E25F57A645}.Release|Any CPU.ActiveCfg = Release|Any CPU
		{9E19B370-5A38-49B6-AE2D-37E25F57A645}.Release|Any CPU.Build.0 = Release|Any CPU
	EndGlobalSection
	GlobalSection(SolutionProperties) = preSolution
		HideSolutionNode = FALSE
	EndGlobalSection
	GlobalSection(ExtensibilityGlobals) = postSolution
		SolutionGuid = {7A1F79A4-41AC-485D-89F5-52BA218ACE48}
	EndGlobalSection
EndGlobal
